
Microsoft Visual Studio Solution File, Format Version 12.00
# Visual Studio Version 17
VisualStudioVersion = 17.0.31903.59
MinimumVisualStudioVersion = 10.0.40219.1
Project("{2150E333-8FDC-42A3-9474-1A3956D46DE8}") = "src", "src", "{1C001EFF-F13B-46F0-96CF-35F9231E1F2A}"
EndProject
Project("{2150E333-8FDC-42A3-9474-1A3956D46DE8}") = "Core", "Core", "{383FF2ED-1233-4056-8F8D-57DF5D110891}"
EndProject
Project("{FAE04EC0-301F-11D3-BF4B-00C04F79EFBC}") = "Application", "src\Core\Application\Application.csproj", "{C0B25AFC-DDD2-4777-837B-4784108E1006}"
EndProject
Project("{FAE04EC0-301F-11D3-BF4B-00C04F79EFBC}") = "Domain", "src\Core\Domain\Domain.csproj", "{F6E008E9-0AAD-4CC4-9047-84FA5F03BEEF}"
EndProject
Project("{2150E333-8FDC-42A3-9474-1A3956D46DE8}") = "Infraestructure", "Infraestructure", "{79E12725-E539-4ACB-91EA-C50C62F31506}"
EndProject
Project("{FAE04EC0-301F-11D3-BF4B-00C04F79EFBC}") = "Persistance", "src\Infraestructure\Persistance\Persistance.csproj", "{614E9418-3E49-4CA5-8054-8AEA1DC92121}"
EndProject
Project("{FAE04EC0-301F-11D3-BF4B-00C04F79EFBC}") = "Shared", "src\Infraestructure\Shared\Shared.csproj", "{BC2D182A-4E15-49B5-9C35-4E94539BEFCD}"
EndProject
Project("{2150E333-8FDC-42A3-9474-1A3956D46DE8}") = "Presentation", "Presentation", "{E339E11C-BC8D-4ABE-B2B9-B19537194087}"
EndProject
Project("{FAE04EC0-301F-11D3-BF4B-00C04F79EFBC}") = "webapi", "src\Presentation\webapi\webapi.csproj", "{3B9B07D1-2473-446D-B75B-8E65256A3E5C}"
EndProject
Global
	GlobalSection(SolutionConfigurationPlatforms) = preSolution
		Debug|Any CPU = Debug|Any CPU
		Release|Any CPU = Release|Any CPU
	EndGlobalSection
	GlobalSection(SolutionProperties) = preSolution
		HideSolutionNode = FALSE
	EndGlobalSection
	GlobalSection(ProjectConfigurationPlatforms) = postSolution
		{C0B25AFC-DDD2-4777-837B-4784108E1006}.Debug|Any CPU.ActiveCfg = Debug|Any CPU
		{C0B25AFC-DDD2-4777-837B-4784108E1006}.Debug|Any CPU.Build.0 = Debug|Any CPU
		{C0B25AFC-DDD2-4777-837B-4784108E1006}.Release|Any CPU.ActiveCfg = Release|Any CPU
		{C0B25AFC-DDD2-4777-837B-4784108E1006}.Release|Any CPU.Build.0 = Release|Any CPU
		{F6E008E9-0AAD-4CC4-9047-84FA5F03BEEF}.Debug|Any CPU.ActiveCfg = Debug|Any CPU
		{F6E008E9-0AAD-4CC4-9047-84FA5F03BEEF}.Debug|Any CPU.Build.0 = Debug|Any CPU
		{F6E008E9-0AAD-4CC4-9047-84FA5F03BEEF}.Release|Any CPU.ActiveCfg = Release|Any CPU
		{F6E008E9-0AAD-4CC4-9047-84FA5F03BEEF}.Release|Any CPU.Build.0 = Release|Any CPU
		{614E9418-3E49-4CA5-8054-8AEA1DC92121}.Debug|Any CPU.ActiveCfg = Debug|Any CPU
		{614E9418-3E49-4CA5-8054-8AEA1DC92121}.Debug|Any CPU.Build.0 = Debug|Any CPU
		{614E9418-3E49-4CA5-8054-8AEA1DC92121}.Release|Any CPU.ActiveCfg = Release|Any CPU
		{614E9418-3E49-4CA5-8054-8AEA1DC92121}.Release|Any CPU.Build.0 = Release|Any CPU
		{BC2D182A-4E15-49B5-9C35-4E94539BEFCD}.Debug|Any CPU.ActiveCfg = Debug|Any CPU
		{BC2D182A-4E15-49B5-9C35-4E94539BEFCD}.Debug|Any CPU.Build.0 = Debug|Any CPU
		{BC2D182A-4E15-49B5-9C35-4E94539BEFCD}.Release|Any CPU.ActiveCfg = Release|Any CPU
		{BC2D182A-4E15-49B5-9C35-4E94539BEFCD}.Release|Any CPU.Build.0 = Release|Any CPU
		{3B9B07D1-2473-446D-B75B-8E65256A3E5C}.Debug|Any CPU.ActiveCfg = Debug|Any CPU
		{3B9B07D1-2473-446D-B75B-8E65256A3E5C}.Debug|Any CPU.Build.0 = Debug|Any CPU
		{3B9B07D1-2473-446D-B75B-8E65256A3E5C}.Release|Any CPU.ActiveCfg = Release|Any CPU
		{3B9B07D1-2473-446D-B75B-8E65256A3E5C}.Release|Any CPU.Build.0 = Release|Any CPU
	EndGlobalSection
	GlobalSection(NestedProjects) = preSolution
		{383FF2ED-1233-4056-8F8D-57DF5D110891} = {1C001EFF-F13B-46F0-96CF-35F9231E1F2A}
		{C0B25AFC-DDD2-4777-837B-4784108E1006} = {383FF2ED-1233-4056-8F8D-57DF5D110891}
		{F6E008E9-0AAD-4CC4-9047-84FA5F03BEEF} = {383FF2ED-1233-4056-8F8D-57DF5D110891}
		{79E12725-E539-4ACB-91EA-C50C62F31506} = {1C001EFF-F13B-46F0-96CF-35F9231E1F2A}
		{614E9418-3E49-4CA5-8054-8AEA1DC92121} = {79E12725-E539-4ACB-91EA-C50C62F31506}
		{BC2D182A-4E15-49B5-9C35-4E94539BEFCD} = {79E12725-E539-4ACB-91EA-C50C62F31506}
		{E339E11C-BC8D-4ABE-B2B9-B19537194087} = {1C001EFF-F13B-46F0-96CF-35F9231E1F2A}
		{3B9B07D1-2473-446D-B75B-8E65256A3E5C} = {E339E11C-BC8D-4ABE-B2B9-B19537194087}
	EndGlobalSection
EndGlobal
